
Microsoft Visual Studio Solution File, Format Version 12.00
# Visual Studio Version 17
VisualStudioVersion = 17.8.34330.188
MinimumVisualStudioVersion = 10.0.40219.1
Project("{9A19103F-16F7-4668-BE54-9A1E7A4F7556}") = "portalinvestimento.virtualtilab.com", "portalinvestimento.virtualtilab.com\portalinvestimento.virtualtilab.com.csproj", "{EDD22FF1-308D-4BDF-9E07-9110895B1D25}"
EndProject
Project("{9A19103F-16F7-4668-BE54-9A1E7A4F7556}") = "xunit.portalinvestimento.fiap.com.br", "xunit.portalinvestimento.fiap.com.br\xunit.portalinvestimento.fiap.com.br.csproj", "{DD5FBDA0-98C3-46F7-8B14-9CE09A5723CC}"
EndProject
Global
	GlobalSection(SolutionConfigurationPlatforms) = preSolution
		Debug|Any CPU = Debug|Any CPU
		Release|Any CPU = Release|Any CPU
	EndGlobalSection
	GlobalSection(ProjectConfigurationPlatforms) = postSolution
		{EDD22FF1-308D-4BDF-9E07-9110895B1D25}.Debug|Any CPU.ActiveCfg = Debug|Any CPU
		{EDD22FF1-308D-4BDF-9E07-9110895B1D25}.Debug|Any CPU.Build.0 = Debug|Any CPU
		{EDD22FF1-308D-4BDF-9E07-9110895B1D25}.Release|Any CPU.ActiveCfg = Release|Any CPU
		{EDD22FF1-308D-4BDF-9E07-9110895B1D25}.Release|Any CPU.Build.0 = Release|Any CPU
		{DD5FBDA0-98C3-46F7-8B14-9CE09A5723CC}.Debug|Any CPU.ActiveCfg = Debug|Any CPU
		{DD5FBDA0-98C3-46F7-8B14-9CE09A5723CC}.Debug|Any CPU.Build.0 = Debug|Any CPU
		{DD5FBDA0-98C3-46F7-8B14-9CE09A5723CC}.Release|Any CPU.ActiveCfg = Release|Any CPU
		{DD5FBDA0-98C3-46F7-8B14-9CE09A5723CC}.Release|Any CPU.Build.0 = Release|Any CPU
	EndGlobalSection
	GlobalSection(SolutionProperties) = preSolution
		HideSolutionNode = FALSE
	EndGlobalSection
	GlobalSection(ExtensibilityGlobals) = postSolution
		SolutionGuid = {2CE35363-A2DC-47E6-A7E4-30B9BEF7A3F1}
	EndGlobalSection
EndGlobal
